// !$*UTF8*$!
{
	archiveVersion = 1;
	classes = {
	};
	objectVersion = 56;
	objects = {

/* Begin PBXBuildFile section */
		490278AE2E93DB2400D42599 /* Models.swift in Sources */ = {isa = PBXBuildFile; fileRef = 490278AD2E93DB2000D42599 /* Models.swift */; };
		490278B02E93DB8900D42599 /* TaskData.swift in Sources */ = {isa = PBXBuildFile; fileRef = 490278AF2E93DB8200D42599 /* TaskData.swift */; };
		494838DB2DD1CC7000C72449 /* TodoList.swift in Sources */ = {isa = PBXBuildFile; fileRef = 494838DA2DD1CC7000C72449 /* TodoList.swift */; };
		494838DF2DD3430600C72449 /* Title.swift in Sources */ = {isa = PBXBuildFile; fileRef = 494838DE2DD3430600C72449 /* Title.swift */; };
		494838E52DD4426700C72449 /* TodoListFolder.swift in Sources */ = {isa = PBXBuildFile; fileRef = 494838E42DD4426700C72449 /* TodoListFolder.swift */; };
		495613DF2DE878B9009614A8 /* AchieveBall.swift in Sources */ = {isa = PBXBuildFile; fileRef = 495613DE2DE878AB009614A8 /* AchieveBall.swift */; };
		49805BD62E27B84800686DFC /* AchieveBallScene.swift in Sources */ = {isa = PBXBuildFile; fileRef = 49805BD52E27B83E00686DFC /* AchieveBallScene.swift */; };
		498D67632DCB6E3A00CBDB63 /* FirstAppApp.swift in Sources */ = {isa = PBXBuildFile; fileRef = 498D67622DCB6E3A00CBDB63 /* FirstAppApp.swift */; };
		498D67652DCB6E3A00CBDB63 /* ContentView.swift in Sources */ = {isa = PBXBuildFile; fileRef = 498D67642DCB6E3A00CBDB63 /* ContentView.swift */; };
		498D67672DCB6E3C00CBDB63 /* Assets.xcassets in Resources */ = {isa = PBXBuildFile; fileRef = 498D67662DCB6E3C00CBDB63 /* Assets.xcassets */; };
		498D676A2DCB6E3C00CBDB63 /* Preview Assets.xcassets in Resources */ = {isa = PBXBuildFile; fileRef = 498D67692DCB6E3C00CBDB63 /* Preview Assets.xcassets */; };
		498D676C2DCB6E3C00CBDB63 /* Persistence.swift in Sources */ = {isa = PBXBuildFile; fileRef = 498D676B2DCB6E3C00CBDB63 /* Persistence.swift */; };
		498D676F2DCB6E3C00CBDB63 /* FirstApp.xcdatamodeld in Sources */ = {isa = PBXBuildFile; fileRef = 498D676D2DCB6E3C00CBDB63 /* FirstApp.xcdatamodeld */; };
		498D67792DCB6E3D00CBDB63 /* FirstAppTests.swift in Sources */ = {isa = PBXBuildFile; fileRef = 498D67782DCB6E3D00CBDB63 /* FirstAppTests.swift */; };
		498D67832DCB6E3D00CBDB63 /* FirstAppUITests.swift in Sources */ = {isa = PBXBuildFile; fileRef = 498D67822DCB6E3D00CBDB63 /* FirstAppUITests.swift */; };
		498D67852DCB6E3D00CBDB63 /* FirstAppUITestsLaunchTests.swift in Sources */ = {isa = PBXBuildFile; fileRef = 498D67842DCB6E3D00CBDB63 /* FirstAppUITestsLaunchTests.swift */; };
		49CA125B2DE85CFF00A2FDC1 /* Search.swift in Sources */ = {isa = PBXBuildFile; fileRef = 49CA125A2DE85CF200A2FDC1 /* Search.swift */; };
		49CA125D2DE85DF100A2FDC1 /* Achievement.swift in Sources */ = {isa = PBXBuildFile; fileRef = 49CA125C2DE85DE900A2FDC1 /* Achievement.swift */; };
		49CA12612DE8699B00A2FDC1 /* BottomTabBar.swift in Sources */ = {isa = PBXBuildFile; fileRef = 49CA12602DE8699300A2FDC1 /* BottomTabBar.swift */; };
/* End PBXBuildFile section */

/* Begin PBXContainerItemProxy section */
		498D67752DCB6E3D00CBDB63 /* PBXContainerItemProxy */ = {
			isa = PBXContainerItemProxy;
			containerPortal = 498D67572DCB6E3A00CBDB63 /* Project object */;
			proxyType = 1;
			remoteGlobalIDString = 498D675E2DCB6E3A00CBDB63;
			remoteInfo = FirstApp;
		};
		498D677F2DCB6E3D00CBDB63 /* PBXContainerItemProxy */ = {
			isa = PBXContainerItemProxy;
			containerPortal = 498D67572DCB6E3A00CBDB63 /* Project object */;
			proxyType = 1;
			remoteGlobalIDString = 498D675E2DCB6E3A00CBDB63;
			remoteInfo = FirstApp;
		};
/* End PBXContainerItemProxy section */

/* Begin PBXFileReference section */
		490278AD2E93DB2000D42599 /* Models.swift */ = {isa = PBXFileReference; lastKnownFileType = sourcecode.swift; path = Models.swift; sourceTree = "<group>"; };
		490278AF2E93DB8200D42599 /* TaskData.swift */ = {isa = PBXFileReference; lastKnownFileType = sourcecode.swift; path = TaskData.swift; sourceTree = "<group>"; };
		494838DA2DD1CC7000C72449 /* TodoList.swift */ = {isa = PBXFileReference; lastKnownFileType = sourcecode.swift; path = TodoList.swift; sourceTree = "<group>"; };
		494838DE2DD3430600C72449 /* Title.swift */ = {isa = PBXFileReference; lastKnownFileType = sourcecode.swift; path = Title.swift; sourceTree = "<group>"; };
		494838E42DD4426700C72449 /* TodoListFolder.swift */ = {isa = PBXFileReference; lastKnownFileType = sourcecode.swift; path = TodoListFolder.swift; sourceTree = "<group>"; };
		495613DE2DE878AB009614A8 /* AchieveBall.swift */ = {isa = PBXFileReference; lastKnownFileType = sourcecode.swift; path = AchieveBall.swift; sourceTree = "<group>"; };
		49805BD52E27B83E00686DFC /* AchieveBallScene.swift */ = {isa = PBXFileReference; lastKnownFileType = sourcecode.swift; path = AchieveBallScene.swift; sourceTree = "<group>"; };
		498D675F2DCB6E3A00CBDB63 /* FirstApp.app */ = {isa = PBXFileReference; explicitFileType = wrapper.application; includeInIndex = 0; path = FirstApp.app; sourceTree = BUILT_PRODUCTS_DIR; };
		498D67622DCB6E3A00CBDB63 /* FirstAppApp.swift */ = {isa = PBXFileReference; lastKnownFileType = sourcecode.swift; path = FirstAppApp.swift; sourceTree = "<group>"; };
		498D67642DCB6E3A00CBDB63 /* ContentView.swift */ = {isa = PBXFileReference; lastKnownFileType = sourcecode.swift; path = ContentView.swift; sourceTree = "<group>"; };
		498D67662DCB6E3C00CBDB63 /* Assets.xcassets */ = {isa = PBXFileReference; lastKnownFileType = folder.assetcatalog; path = Assets.xcassets; sourceTree = "<group>"; };
		498D67692DCB6E3C00CBDB63 /* Preview Assets.xcassets */ = {isa = PBXFileReference; lastKnownFileType = folder.assetcatalog; path = "Preview Assets.xcassets"; sourceTree = "<group>"; };
		498D676B2DCB6E3C00CBDB63 /* Persistence.swift */ = {isa = PBXFileReference; lastKnownFileType = sourcecode.swift; path = Persistence.swift; sourceTree = "<group>"; };
		498D676E2DCB6E3C00CBDB63 /* FirstApp.xcdatamodel */ = {isa = PBXFileReference; lastKnownFileType = wrapper.xcdatamodel; path = FirstApp.xcdatamodel; sourceTree = "<group>"; };
		498D67742DCB6E3D00CBDB63 /* FirstAppTests.xctest */ = {isa = PBXFileReference; explicitFileType = wrapper.cfbundle; includeInIndex = 0; path = FirstAppTests.xctest; sourceTree = BUILT_PRODUCTS_DIR; };
		498D67782DCB6E3D00CBDB63 /* FirstAppTests.swift */ = {isa = PBXFileReference; lastKnownFileType = sourcecode.swift; path = FirstAppTests.swift; sourceTree = "<group>"; };
		498D677E2DCB6E3D00CBDB63 /* FirstAppUITests.xctest */ = {isa = PBXFileReference; explicitFileType = wrapper.cfbundle; includeInIndex = 0; path = FirstAppUITests.xctest; sourceTree = BUILT_PRODUCTS_DIR; };
		498D67822DCB6E3D00CBDB63 /* FirstAppUITests.swift */ = {isa = PBXFileReference; lastKnownFileType = sourcecode.swift; path = FirstAppUITests.swift; sourceTree = "<group>"; };
		498D67842DCB6E3D00CBDB63 /* FirstAppUITestsLaunchTests.swift */ = {isa = PBXFileReference; lastKnownFileType = sourcecode.swift; path = FirstAppUITestsLaunchTests.swift; sourceTree = "<group>"; };
		49CA125A2DE85CF200A2FDC1 /* Search.swift */ = {isa = PBXFileReference; lastKnownFileType = sourcecode.swift; path = Search.swift; sourceTree = "<group>"; };
		49CA125C2DE85DE900A2FDC1 /* Achievement.swift */ = {isa = PBXFileReference; lastKnownFileType = sourcecode.swift; path = Achievement.swift; sourceTree = "<group>"; };
		49CA12602DE8699300A2FDC1 /* BottomTabBar.swift */ = {isa = PBXFileReference; lastKnownFileType = sourcecode.swift; path = BottomTabBar.swift; sourceTree = "<group>"; };
/* End PBXFileReference section */

/* Begin PBXFrameworksBuildPhase section */
		498D675C2DCB6E3A00CBDB63 /* Frameworks */ = {
			isa = PBXFrameworksBuildPhase;
			buildActionMask = 2147483647;
			files = (
			);
			runOnlyForDeploymentPostprocessing = 0;
		};
		498D67712DCB6E3D00CBDB63 /* Frameworks */ = {
			isa = PBXFrameworksBuildPhase;
			buildActionMask = 2147483647;
			files = (
			);
			runOnlyForDeploymentPostprocessing = 0;
		};
		498D677B2DCB6E3D00CBDB63 /* Frameworks */ = {
			isa = PBXFrameworksBuildPhase;
			buildActionMask = 2147483647;
			files = (
			);
			runOnlyForDeploymentPostprocessing = 0;
		};
/* End PBXFrameworksBuildPhase section */

/* Begin PBXGroup section */
		498D67562DCB6E3A00CBDB63 = {
			isa = PBXGroup;
			children = (
				498D67612DCB6E3A00CBDB63 /* FirstApp */,
				498D67772DCB6E3D00CBDB63 /* FirstAppTests */,
				498D67812DCB6E3D00CBDB63 /* FirstAppUITests */,
				498D67602DCB6E3A00CBDB63 /* Products */,
			);
			sourceTree = "<group>";
		};
		498D67602DCB6E3A00CBDB63 /* Products */ = {
			isa = PBXGroup;
			children = (
				498D675F2DCB6E3A00CBDB63 /* FirstApp.app */,
				498D67742DCB6E3D00CBDB63 /* FirstAppTests.xctest */,
				498D677E2DCB6E3D00CBDB63 /* FirstAppUITests.xctest */,
			);
			name = Products;
			sourceTree = "<group>";
		};
		498D67612DCB6E3A00CBDB63 /* FirstApp */ = {
			isa = PBXGroup;
			children = (
				498D67622DCB6E3A00CBDB63 /* FirstAppApp.swift */,
				494838DA2DD1CC7000C72449 /* TodoList.swift */,
				490278AD2E93DB2000D42599 /* Models.swift */,
				490278AF2E93DB8200D42599 /* TaskData.swift */,
				498D67642DCB6E3A00CBDB63 /* ContentView.swift */,
				494838E42DD4426700C72449 /* TodoListFolder.swift */,
				49CA12602DE8699300A2FDC1 /* BottomTabBar.swift */,
				49CA125C2DE85DE900A2FDC1 /* Achievement.swift */,
				495613DE2DE878AB009614A8 /* AchieveBall.swift */,
				49805BD52E27B83E00686DFC /* AchieveBallScene.swift */,
				49CA125A2DE85CF200A2FDC1 /* Search.swift */,
				498D67662DCB6E3C00CBDB63 /* Assets.xcassets */,
				494838DE2DD3430600C72449 /* Title.swift */,
				498D676B2DCB6E3C00CBDB63 /* Persistence.swift */,
				498D676D2DCB6E3C00CBDB63 /* FirstApp.xcdatamodeld */,
				498D67682DCB6E3C00CBDB63 /* Preview Content */,
			);
			path = FirstApp;
			sourceTree = "<group>";
		};
		498D67682DCB6E3C00CBDB63 /* Preview Content */ = {
			isa = PBXGroup;
			children = (
				498D67692DCB6E3C00CBDB63 /* Preview Assets.xcassets */,
			);
			path = "Preview Content";
			sourceTree = "<group>";
		};
		498D67772DCB6E3D00CBDB63 /* FirstAppTests */ = {
			isa = PBXGroup;
			children = (
				498D67782DCB6E3D00CBDB63 /* FirstAppTests.swift */,
			);
			path = FirstAppTests;
			sourceTree = "<group>";
		};
		498D67812DCB6E3D00CBDB63 /* FirstAppUITests */ = {
			isa = PBXGroup;
			children = (
				498D67822DCB6E3D00CBDB63 /* FirstAppUITests.swift */,
				498D67842DCB6E3D00CBDB63 /* FirstAppUITestsLaunchTests.swift */,
			);
			path = FirstAppUITests;
			sourceTree = "<group>";
		};
/* End PBXGroup section */

/* Begin PBXNativeTarget section */
		498D675E2DCB6E3A00CBDB63 /* FirstApp */ = {
			isa = PBXNativeTarget;
			buildConfigurationList = 498D67882DCB6E3D00CBDB63 /* Build configuration list for PBXNativeTarget "FirstApp" */;
			buildPhases = (
				498D675B2DCB6E3A00CBDB63 /* Sources */,
				498D675C2DCB6E3A00CBDB63 /* Frameworks */,
				498D675D2DCB6E3A00CBDB63 /* Resources */,
			);
			buildRules = (
			);
			dependencies = (
			);
			name = FirstApp;
			productName = FirstApp;
			productReference = 498D675F2DCB6E3A00CBDB63 /* FirstApp.app */;
			productType = "com.apple.product-type.application";
		};
		498D67732DCB6E3D00CBDB63 /* FirstAppTests */ = {
			isa = PBXNativeTarget;
			buildConfigurationList = 498D678B2DCB6E3D00CBDB63 /* Build configuration list for PBXNativeTarget "FirstAppTests" */;
			buildPhases = (
				498D67702DCB6E3D00CBDB63 /* Sources */,
				498D67712DCB6E3D00CBDB63 /* Frameworks */,
				498D67722DCB6E3D00CBDB63 /* Resources */,
			);
			buildRules = (
			);
			dependencies = (
				498D67762DCB6E3D00CBDB63 /* PBXTargetDependency */,
			);
			name = FirstAppTests;
			productName = FirstAppTests;
			productReference = 498D67742DCB6E3D00CBDB63 /* FirstAppTests.xctest */;
			productType = "com.apple.product-type.bundle.unit-test";
		};
		498D677D2DCB6E3D00CBDB63 /* FirstAppUITests */ = {
			isa = PBXNativeTarget;
			buildConfigurationList = 498D678E2DCB6E3D00CBDB63 /* Build configuration list for PBXNativeTarget "FirstAppUITests" */;
			buildPhases = (
				498D677A2DCB6E3D00CBDB63 /* Sources */,
				498D677B2DCB6E3D00CBDB63 /* Frameworks */,
				498D677C2DCB6E3D00CBDB63 /* Resources */,
			);
			buildRules = (
			);
			dependencies = (
				498D67802DCB6E3D00CBDB63 /* PBXTargetDependency */,
			);
			name = FirstAppUITests;
			productName = FirstAppUITests;
			productReference = 498D677E2DCB6E3D00CBDB63 /* FirstAppUITests.xctest */;
			productType = "com.apple.product-type.bundle.ui-testing";
		};
/* End PBXNativeTarget section */

/* Begin PBXProject section */
		498D67572DCB6E3A00CBDB63 /* Project object */ = {
			isa = PBXProject;
			attributes = {
				BuildIndependentTargetsInParallel = 1;
				LastSwiftUpdateCheck = 1540;
				LastUpgradeCheck = 1540;
				TargetAttributes = {
					498D675E2DCB6E3A00CBDB63 = {
						CreatedOnToolsVersion = 15.4;
					};
					498D67732DCB6E3D00CBDB63 = {
						CreatedOnToolsVersion = 15.4;
						TestTargetID = 498D675E2DCB6E3A00CBDB63;
					};
					498D677D2DCB6E3D00CBDB63 = {
						CreatedOnToolsVersion = 15.4;
						TestTargetID = 498D675E2DCB6E3A00CBDB63;
					};
				};
			};
			buildConfigurationList = 498D675A2DCB6E3A00CBDB63 /* Build configuration list for PBXProject "FirstApp" */;
			compatibilityVersion = "Xcode 14.0";
			developmentRegion = en;
			hasScannedForEncodings = 0;
			knownRegions = (
				en,
				Base,
			);
			mainGroup = 498D67562DCB6E3A00CBDB63;
			productRefGroup = 498D67602DCB6E3A00CBDB63 /* Products */;
			projectDirPath = "";
			projectRoot = "";
			targets = (
				498D675E2DCB6E3A00CBDB63 /* FirstApp */,
				498D67732DCB6E3D00CBDB63 /* FirstAppTests */,
				498D677D2DCB6E3D00CBDB63 /* FirstAppUITests */,
			);
		};
/* End PBXProject section */

/* Begin PBXResourcesBuildPhase section */
		498D675D2DCB6E3A00CBDB63 /* Resources */ = {
			isa = PBXResourcesBuildPhase;
			buildActionMask = 2147483647;
			files = (
				498D676A2DCB6E3C00CBDB63 /* Preview Assets.xcassets in Resources */,
				498D67672DCB6E3C00CBDB63 /* Assets.xcassets in Resources */,
			);
			runOnlyForDeploymentPostprocessing = 0;
		};
		498D67722DCB6E3D00CBDB63 /* Resources */ = {
			isa = PBXResourcesBuildPhase;
			buildActionMask = 2147483647;
			files = (
			);
			runOnlyForDeploymentPostprocessing = 0;
		};
		498D677C2DCB6E3D00CBDB63 /* Resources */ = {
			isa = PBXResourcesBuildPhase;
			buildActionMask = 2147483647;
			files = (
			);
			runOnlyForDeploymentPostprocessing = 0;
		};
/* End PBXResourcesBuildPhase section */

/* Begin PBXSourcesBuildPhase section */
		498D675B2DCB6E3A00CBDB63 /* Sources */ = {
			isa = PBXSourcesBuildPhase;
			buildActionMask = 2147483647;
			files = (
				49CA125B2DE85CFF00A2FDC1 /* Search.swift in Sources */,
				498D676C2DCB6E3C00CBDB63 /* Persistence.swift in Sources */,
				498D67652DCB6E3A00CBDB63 /* ContentView.swift in Sources */,
				494838DB2DD1CC7000C72449 /* TodoList.swift in Sources */,
				498D676F2DCB6E3C00CBDB63 /* FirstApp.xcdatamodeld in Sources */,
				494838E52DD4426700C72449 /* TodoListFolder.swift in Sources */,
				490278B02E93DB8900D42599 /* TaskData.swift in Sources */,
				49805BD62E27B84800686DFC /* AchieveBallScene.swift in Sources */,
				49CA12612DE8699B00A2FDC1 /* BottomTabBar.swift in Sources */,
				490278AE2E93DB2400D42599 /* Models.swift in Sources */,
				494838DF2DD3430600C72449 /* Title.swift in Sources */,
				498D67632DCB6E3A00CBDB63 /* FirstAppApp.swift in Sources */,
				495613DF2DE878B9009614A8 /* AchieveBall.swift in Sources */,
				49CA125D2DE85DF100A2FDC1 /* Achievement.swift in Sources */,
			);
			runOnlyForDeploymentPostprocessing = 0;
		};
		498D67702DCB6E3D00CBDB63 /* Sources */ = {
			isa = PBXSourcesBuildPhase;
			buildActionMask = 2147483647;
			files = (
				498D67792DCB6E3D00CBDB63 /* FirstAppTests.swift in Sources */,
			);
			runOnlyForDeploymentPostprocessing = 0;
		};
		498D677A2DCB6E3D00CBDB63 /* Sources */ = {
			isa = PBXSourcesBuildPhase;
			buildActionMask = 2147483647;
			files = (
				498D67852DCB6E3D00CBDB63 /* FirstAppUITestsLaunchTests.swift in Sources */,
				498D67832DCB6E3D00CBDB63 /* FirstAppUITests.swift in Sources */,
			);
			runOnlyForDeploymentPostprocessing = 0;
		};
/* End PBXSourcesBuildPhase section */

/* Begin PBXTargetDependency section */
		498D67762DCB6E3D00CBDB63 /* PBXTargetDependency */ = {
			isa = PBXTargetDependency;
			target = 498D675E2DCB6E3A00CBDB63 /* FirstApp */;
			targetProxy = 498D67752DCB6E3D00CBDB63 /* PBXContainerItemProxy */;
		};
		498D67802DCB6E3D00CBDB63 /* PBXTargetDependency */ = {
			isa = PBXTargetDependency;
			target = 498D675E2DCB6E3A00CBDB63 /* FirstApp */;
			targetProxy = 498D677F2DCB6E3D00CBDB63 /* PBXContainerItemProxy */;
		};
/* End PBXTargetDependency section */

/* Begin XCBuildConfiguration section */
		498D67862DCB6E3D00CBDB63 /* Debug */ = {
			isa = XCBuildConfiguration;
			buildSettings = {
				ALWAYS_SEARCH_USER_PATHS = NO;
				ASSETCATALOG_COMPILER_GENERATE_SWIFT_ASSET_SYMBOL_EXTENSIONS = YES;
				CLANG_ANALYZER_NONNULL = YES;
				CLANG_ANALYZER_NUMBER_OBJECT_CONVERSION = YES_AGGRESSIVE;
				CLANG_CXX_LANGUAGE_STANDARD = "gnu++20";
				CLANG_ENABLE_MODULES = YES;
				CLANG_ENABLE_OBJC_ARC = YES;
				CLANG_ENABLE_OBJC_WEAK = YES;
				CLANG_WARN_BLOCK_CAPTURE_AUTORELEASING = YES;
				CLANG_WARN_BOOL_CONVERSION = YES;
				CLANG_WARN_COMMA = YES;
				CLANG_WARN_CONSTANT_CONVERSION = YES;
				CLANG_WARN_DEPRECATED_OBJC_IMPLEMENTATIONS = YES;
				CLANG_WARN_DIRECT_OBJC_ISA_USAGE = YES_ERROR;
				CLANG_WARN_DOCUMENTATION_COMMENTS = YES;
				CLANG_WARN_EMPTY_BODY = YES;
				CLANG_WARN_ENUM_CONVERSION = YES;
				CLANG_WARN_INFINITE_RECURSION = YES;
				CLANG_WARN_INT_CONVERSION = YES;
				CLANG_WARN_NON_LITERAL_NULL_CONVERSION = YES;
				CLANG_WARN_OBJC_IMPLICIT_RETAIN_SELF = YES;
				CLANG_WARN_OBJC_LITERAL_CONVERSION = YES;
				CLANG_WARN_OBJC_ROOT_CLASS = YES_ERROR;
				CLANG_WARN_QUOTED_INCLUDE_IN_FRAMEWORK_HEADER = YES;
				CLANG_WARN_RANGE_LOOP_ANALYSIS = YES;
				CLANG_WARN_STRICT_PROTOTYPES = YES;
				CLANG_WARN_SUSPICIOUS_MOVE = YES;
				CLANG_WARN_UNGUARDED_AVAILABILITY = YES_AGGRESSIVE;
				CLANG_WARN_UNREACHABLE_CODE = YES;
				CLANG_WARN__DUPLICATE_METHOD_MATCH = YES;
				COPY_PHASE_STRIP = NO;
				DEBUG_INFORMATION_FORMAT = dwarf;
				ENABLE_STRICT_OBJC_MSGSEND = YES;
				ENABLE_TESTABILITY = YES;
				ENABLE_USER_SCRIPT_SANDBOXING = YES;
				GCC_C_LANGUAGE_STANDARD = gnu17;
				GCC_DYNAMIC_NO_PIC = NO;
				GCC_NO_COMMON_BLOCKS = YES;
				GCC_OPTIMIZATION_LEVEL = 0;
				GCC_PREPROCESSOR_DEFINITIONS = (
					"DEBUG=1",
					"$(inherited)",
				);
				GCC_WARN_64_TO_32_BIT_CONVERSION = YES;
				GCC_WARN_ABOUT_RETURN_TYPE = YES_ERROR;
				GCC_WARN_UNDECLARED_SELECTOR = YES;
				GCC_WARN_UNINITIALIZED_AUTOS = YES_AGGRESSIVE;
				GCC_WARN_UNUSED_FUNCTION = YES;
				GCC_WARN_UNUSED_VARIABLE = YES;
				IPHONEOS_DEPLOYMENT_TARGET = 17.5;
				LOCALIZATION_PREFERS_STRING_CATALOGS = YES;
				MTL_ENABLE_DEBUG_INFO = INCLUDE_SOURCE;
				MTL_FAST_MATH = YES;
				ONLY_ACTIVE_ARCH = YES;
				SDKROOT = iphoneos;
				SWIFT_ACTIVE_COMPILATION_CONDITIONS = "DEBUG $(inherited)";
				SWIFT_OPTIMIZATION_LEVEL = "-Onone";
			};
			name = Debug;
		};
		498D67872DCB6E3D00CBDB63 /* Release */ = {
			isa = XCBuildConfiguration;
			buildSettings = {
				ALWAYS_SEARCH_USER_PATHS = NO;
				ASSETCATALOG_COMPILER_GENERATE_SWIFT_ASSET_SYMBOL_EXTENSIONS = YES;
				CLANG_ANALYZER_NONNULL = YES;
				CLANG_ANALYZER_NUMBER_OBJECT_CONVERSION = YES_AGGRESSIVE;
				CLANG_CXX_LANGUAGE_STANDARD = "gnu++20";
				CLANG_ENABLE_MODULES = YES;
				CLANG_ENABLE_OBJC_ARC = YES;
				CLANG_ENABLE_OBJC_WEAK = YES;
				CLANG_WARN_BLOCK_CAPTURE_AUTORELEASING = YES;
				CLANG_WARN_BOOL_CONVERSION = YES;
				CLANG_WARN_COMMA = YES;
				CLANG_WARN_CONSTANT_CONVERSION = YES;
				CLANG_WARN_DEPRECATED_OBJC_IMPLEMENTATIONS = YES;
				CLANG_WARN_DIRECT_OBJC_ISA_USAGE = YES_ERROR;
				CLANG_WARN_DOCUMENTATION_COMMENTS = YES;
				CLANG_WARN_EMPTY_BODY = YES;
				CLANG_WARN_ENUM_CONVERSION = YES;
				CLANG_WARN_INFINITE_RECURSION = YES;
				CLANG_WARN_INT_CONVERSION = YES;
				CLANG_WARN_NON_LITERAL_NULL_CONVERSION = YES;
				CLANG_WARN_OBJC_IMPLICIT_RETAIN_SELF = YES;
				CLANG_WARN_OBJC_LITERAL_CONVERSION = YES;
				CLANG_WARN_OBJC_ROOT_CLASS = YES_ERROR;
				CLANG_WARN_QUOTED_INCLUDE_IN_FRAMEWORK_HEADER = YES;
				CLANG_WARN_RANGE_LOOP_ANALYSIS = YES;
				CLANG_WARN_STRICT_PROTOTYPES = YES;
				CLANG_WARN_SUSPICIOUS_MOVE = YES;
				CLANG_WARN_UNGUARDED_AVAILABILITY = YES_AGGRESSIVE;
				CLANG_WARN_UNREACHABLE_CODE = YES;
				CLANG_WARN__DUPLICATE_METHOD_MATCH = YES;
				COPY_PHASE_STRIP = NO;
				DEBUG_INFORMATION_FORMAT = "dwarf-with-dsym";
				ENABLE_NS_ASSERTIONS = NO;
				ENABLE_STRICT_OBJC_MSGSEND = YES;
				ENABLE_USER_SCRIPT_SANDBOXING = YES;
				GCC_C_LANGUAGE_STANDARD = gnu17;
				GCC_NO_COMMON_BLOCKS = YES;
				GCC_WARN_64_TO_32_BIT_CONVERSION = YES;
				GCC_WARN_ABOUT_RETURN_TYPE = YES_ERROR;
				GCC_WARN_UNDECLARED_SELECTOR = YES;
				GCC_WARN_UNINITIALIZED_AUTOS = YES_AGGRESSIVE;
				GCC_WARN_UNUSED_FUNCTION = YES;
				GCC_WARN_UNUSED_VARIABLE = YES;
				IPHONEOS_DEPLOYMENT_TARGET = 17.5;
				LOCALIZATION_PREFERS_STRING_CATALOGS = YES;
				MTL_ENABLE_DEBUG_INFO = NO;
				MTL_FAST_MATH = YES;
				SDKROOT = iphoneos;
				SWIFT_COMPILATION_MODE = wholemodule;
				VALIDATE_PRODUCT = YES;
			};
			name = Release;
		};
		498D67892DCB6E3D00CBDB63 /* Debug */ = {
			isa = XCBuildConfiguration;
			buildSettings = {
				ASSETCATALOG_COMPILER_APPICON_NAME = AppIcon;
				ASSETCATALOG_COMPILER_GLOBAL_ACCENT_COLOR_NAME = AccentColor;
				CODE_SIGN_STYLE = Automatic;
				CURRENT_PROJECT_VERSION = 1;
				DEVELOPMENT_ASSET_PATHS = "\"FirstApp/Preview Content\"";
				DEVELOPMENT_TEAM = 2ZX4RJGUPV;
				ENABLE_PREVIEWS = YES;
				GENERATE_INFOPLIST_FILE = YES;
				INFOPLIST_KEY_CFBundleDisplayName = "タスク管理アプリ";
				INFOPLIST_KEY_LSApplicationCategoryType = "public.app-category.business";
				INFOPLIST_KEY_UIApplicationSceneManifest_Generation = YES;
				INFOPLIST_KEY_UIApplicationSupportsIndirectInputEvents = YES;
				INFOPLIST_KEY_UILaunchScreen_Generation = YES;
				INFOPLIST_KEY_UISupportedInterfaceOrientations_iPad = "UIInterfaceOrientationPortrait UIInterfaceOrientationPortraitUpsideDown UIInterfaceOrientationLandscapeLeft UIInterfaceOrientationLandscapeRight";
				INFOPLIST_KEY_UISupportedInterfaceOrientations_iPhone = "UIInterfaceOrientationPortrait UIInterfaceOrientationLandscapeLeft UIInterfaceOrientationLandscapeRight";
				IPHONEOS_DEPLOYMENT_TARGET = 17.0;
				LD_RUNPATH_SEARCH_PATHS = (
					"$(inherited)",
					"@executable_path/Frameworks",
				);
				MARKETING_VERSION = 1.0;
				PRODUCT_BUNDLE_IDENTIFIER = com.akari.FirstApp;
				PRODUCT_NAME = "$(TARGET_NAME)";
				SUPPORTED_PLATFORMS = "iphoneos iphonesimulator";
				SUPPORTS_MACCATALYST = NO;
				SUPPORTS_XR_DESIGNED_FOR_IPHONE_IPAD = NO;
				SWIFT_EMIT_LOC_STRINGS = YES;
				SWIFT_VERSION = 5.0;
				TARGETED_DEVICE_FAMILY = "1,2";
			};
			name = Debug;
		};
		498D678A2DCB6E3D00CBDB63 /* Release */ = {
			isa = XCBuildConfiguration;
			buildSettings = {
				ASSETCATALOG_COMPILER_APPICON_NAME = AppIcon;
				ASSETCATALOG_COMPILER_GLOBAL_ACCENT_COLOR_NAME = AccentColor;
				CODE_SIGN_STYLE = Automatic;
				CURRENT_PROJECT_VERSION = 1;
				DEVELOPMENT_ASSET_PATHS = "\"FirstApp/Preview Content\"";
				DEVELOPMENT_TEAM = 2ZX4RJGUPV;
				ENABLE_PREVIEWS = YES;
				GENERATE_INFOPLIST_FILE = YES;
				INFOPLIST_KEY_CFBundleDisplayName = "タスク管理アプリ";
				INFOPLIST_KEY_LSApplicationCategoryType = "public.app-category.business";
				INFOPLIST_KEY_UIApplicationSceneManifest_Generation = YES;
				INFOPLIST_KEY_UIApplicationSupportsIndirectInputEvents = YES;
				INFOPLIST_KEY_UILaunchScreen_Generation = YES;
				INFOPLIST_KEY_UISupportedInterfaceOrientations_iPad = "UIInterfaceOrientationPortrait UIInterfaceOrientationPortraitUpsideDown UIInterfaceOrientationLandscapeLeft UIInterfaceOrientationLandscapeRight";
				INFOPLIST_KEY_UISupportedInterfaceOrientations_iPhone = "UIInterfaceOrientationPortrait UIInterfaceOrientationLandscapeLeft UIInterfaceOrientationLandscapeRight";
				IPHONEOS_DEPLOYMENT_TARGET = 17.0;
				LD_RUNPATH_SEARCH_PATHS = (
					"$(inherited)",
					"@executable_path/Frameworks",
				);
				MARKETING_VERSION = 1.0;
				PRODUCT_BUNDLE_IDENTIFIER = com.akari.FirstApp;
				PRODUCT_NAME = "$(TARGET_NAME)";
				SUPPORTED_PLATFORMS = "iphoneos iphonesimulator";
				SUPPORTS_MACCATALYST = NO;
				SUPPORTS_XR_DESIGNED_FOR_IPHONE_IPAD = NO;
				SWIFT_EMIT_LOC_STRINGS = YES;
				SWIFT_VERSION = 5.0;
				TARGETED_DEVICE_FAMILY = "1,2";
			};
			name = Release;
		};
		498D678C2DCB6E3D00CBDB63 /* Debug */ = {
			isa = XCBuildConfiguration;
			buildSettings = {
				ALWAYS_EMBED_SWIFT_STANDARD_LIBRARIES = YES;
				BUNDLE_LOADER = "$(TEST_HOST)";
				CODE_SIGN_STYLE = Automatic;
				CURRENT_PROJECT_VERSION = 1;
				GENERATE_INFOPLIST_FILE = YES;
				IPHONEOS_DEPLOYMENT_TARGET = 17.5;
				MARKETING_VERSION = 1.0;
				PRODUCT_BUNDLE_IDENTIFIER = com.akari.FirstAppTests;
				PRODUCT_NAME = "$(TARGET_NAME)";
				SWIFT_EMIT_LOC_STRINGS = NO;
				SWIFT_VERSION = 5.0;
				TARGETED_DEVICE_FAMILY = "1,2";
				TEST_HOST = "$(BUILT_PRODUCTS_DIR)/FirstApp.app/$(BUNDLE_EXECUTABLE_FOLDER_PATH)/FirstApp";
			};
			name = Debug;
		};
		498D678D2DCB6E3D00CBDB63 /* Release */ = {
			isa = XCBuildConfiguration;
			buildSettings = {
				ALWAYS_EMBED_SWIFT_STANDARD_LIBRARIES = YES;
				BUNDLE_LOADER = "$(TEST_HOST)";
				CODE_SIGN_STYLE = Automatic;
				CURRENT_PROJECT_VERSION = 1;
				GENERATE_INFOPLIST_FILE = YES;
				IPHONEOS_DEPLOYMENT_TARGET = 17.5;
				MARKETING_VERSION = 1.0;
				PRODUCT_BUNDLE_IDENTIFIER = com.akari.FirstAppTests;
				PRODUCT_NAME = "$(TARGET_NAME)";
				SWIFT_EMIT_LOC_STRINGS = NO;
				SWIFT_VERSION = 5.0;
				TARGETED_DEVICE_FAMILY = "1,2";
				TEST_HOST = "$(BUILT_PRODUCTS_DIR)/FirstApp.app/$(BUNDLE_EXECUTABLE_FOLDER_PATH)/FirstApp";
			};
			name = Release;
		};
		498D678F2DCB6E3D00CBDB63 /* Debug */ = {
			isa = XCBuildConfiguration;
			buildSettings = {
				ALWAYS_EMBED_SWIFT_STANDARD_LIBRARIES = YES;
				CODE_SIGN_STYLE = Automatic;
				CURRENT_PROJECT_VERSION = 1;
				GENERATE_INFOPLIST_FILE = YES;
				MARKETING_VERSION = 1.0;
				PRODUCT_BUNDLE_IDENTIFIER = com.akari.FirstAppUITests;
				PRODUCT_NAME = "$(TARGET_NAME)";
				SWIFT_EMIT_LOC_STRINGS = NO;
				SWIFT_VERSION = 5.0;
				TARGETED_DEVICE_FAMILY = "1,2";
				TEST_TARGET_NAME = FirstApp;
			};
			name = Debug;
		};
		498D67902DCB6E3D00CBDB63 /* Release */ = {
			isa = XCBuildConfiguration;
			buildSettings = {
				ALWAYS_EMBED_SWIFT_STANDARD_LIBRARIES = YES;
				CODE_SIGN_STYLE = Automatic;
				CURRENT_PROJECT_VERSION = 1;
				GENERATE_INFOPLIST_FILE = YES;
				MARKETING_VERSION = 1.0;
				PRODUCT_BUNDLE_IDENTIFIER = com.akari.FirstAppUITests;
				PRODUCT_NAME = "$(TARGET_NAME)";
				SWIFT_EMIT_LOC_STRINGS = NO;
				SWIFT_VERSION = 5.0;
				TARGETED_DEVICE_FAMILY = "1,2";
				TEST_TARGET_NAME = FirstApp;
			};
			name = Release;
		};
/* End XCBuildConfiguration section */

/* Begin XCConfigurationList section */
		498D675A2DCB6E3A00CBDB63 /* Build configuration list for PBXProject "FirstApp" */ = {
			isa = XCConfigurationList;
			buildConfigurations = (
				498D67862DCB6E3D00CBDB63 /* Debug */,
				498D67872DCB6E3D00CBDB63 /* Release */,
			);
			defaultConfigurationIsVisible = 0;
			defaultConfigurationName = Release;
		};
		498D67882DCB6E3D00CBDB63 /* Build configuration list for PBXNativeTarget "FirstApp" */ = {
			isa = XCConfigurationList;
			buildConfigurations = (
				498D67892DCB6E3D00CBDB63 /* Debug */,
				498D678A2DCB6E3D00CBDB63 /* Release */,
			);
			defaultConfigurationIsVisible = 0;
			defaultConfigurationName = Release;
		};
		498D678B2DCB6E3D00CBDB63 /* Build configuration list for PBXNativeTarget "FirstAppTests" */ = {
			isa = XCConfigurationList;
			buildConfigurations = (
				498D678C2DCB6E3D00CBDB63 /* Debug */,
				498D678D2DCB6E3D00CBDB63 /* Release */,
			);
			defaultConfigurationIsVisible = 0;
			defaultConfigurationName = Release;
		};
		498D678E2DCB6E3D00CBDB63 /* Build configuration list for PBXNativeTarget "FirstAppUITests" */ = {
			isa = XCConfigurationList;
			buildConfigurations = (
				498D678F2DCB6E3D00CBDB63 /* Debug */,
				498D67902DCB6E3D00CBDB63 /* Release */,
			);
			defaultConfigurationIsVisible = 0;
			defaultConfigurationName = Release;
		};
/* End XCConfigurationList section */

/* Begin XCVersionGroup section */
		498D676D2DCB6E3C00CBDB63 /* FirstApp.xcdatamodeld */ = {
			isa = XCVersionGroup;
			children = (
				498D676E2DCB6E3C00CBDB63 /* FirstApp.xcdatamodel */,
			);
			currentVersion = 498D676E2DCB6E3C00CBDB63 /* FirstApp.xcdatamodel */;
			path = FirstApp.xcdatamodeld;
			sourceTree = "<group>";
			versionGroupType = wrapper.xcdatamodel;
		};
/* End XCVersionGroup section */
	};
	rootObject = 498D67572DCB6E3A00CBDB63 /* Project object */;
}
